
Microsoft Visual Studio Solution File, Format Version 12.00
# Visual Studio Version 16
VisualStudioVersion = 16.0.32106.194
MinimumVisualStudioVersion = 10.0.40219.1
Project("{FAE04EC0-301F-11D3-BF4B-00C04F79EFBC}") = "SamplePlugin", "SamplePlugin\SamplePlugin.csproj", "{67B3F248-4178-4FB5-942C-4BD17459C542}"
EndProject
Global
	GlobalSection(SolutionConfigurationPlatforms) = preSolution
		Debug|Any CPU = Debug|Any CPU
		Release|Any CPU = Release|Any CPU
	EndGlobalSection
	GlobalSection(ProjectConfigurationPlatforms) = postSolution
		{67B3F248-4178-4FB5-942C-4BD17459C542}.Debug|Any CPU.ActiveCfg = Debug|Any CPU
		{67B3F248-4178-4FB5-942C-4BD17459C542}.Debug|Any CPU.Build.0 = Debug|Any CPU
		{67B3F248-4178-4FB5-942C-4BD17459C542}.Release|Any CPU.ActiveCfg = Release|Any CPU
		{67B3F248-4178-4FB5-942C-4BD17459C542}.Release|Any CPU.Build.0 = Release|Any CPU
	EndGlobalSection
	GlobalSection(SolutionProperties) = preSolution
		HideSolutionNode = FALSE
	EndGlobalSection
	GlobalSection(ExtensibilityGlobals) = postSolution
		SolutionGuid = {4202B992-4527-48AE-8F83-7A9CB9E26377}
	EndGlobalSection
EndGlobal
